
Microsoft Visual Studio Solution File, Format Version 12.00
# Visual Studio Version 16
VisualStudioVersion = 16.0.31424.327
MinimumVisualStudioVersion = 10.0.40219.1
Project("{FAE04EC0-301F-11D3-BF4B-00C04F79EFBC}") = "DXWebApplication1", "DXWebApplication1\DXWebApplication1.csproj", "{EFF81747-E513-40BA-916D-0ECA36A7081C}"
EndProject
Global
	GlobalSection(SolutionConfigurationPlatforms) = preSolution
		Debug|Any CPU = Debug|Any CPU
		Release|Any CPU = Release|Any CPU
	EndGlobalSection
	GlobalSection(ProjectConfigurationPlatforms) = postSolution
		{EFF81747-E513-40BA-916D-0ECA36A7081C}.Debug|Any CPU.ActiveCfg = Debug|Any CPU
		{EFF81747-E513-40BA-916D-0ECA36A7081C}.Debug|Any CPU.Build.0 = Debug|Any CPU
		{EFF81747-E513-40BA-916D-0ECA36A7081C}.Release|Any CPU.ActiveCfg = Release|Any CPU
		{EFF81747-E513-40BA-916D-0ECA36A7081C}.Release|Any CPU.Build.0 = Release|Any CPU
	EndGlobalSection
	GlobalSection(SolutionProperties) = preSolution
		HideSolutionNode = FALSE
	EndGlobalSection
	GlobalSection(ExtensibilityGlobals) = postSolution
		SolutionGuid = {2A4EA324-E467-4758-849A-43CC560919E3}
	EndGlobalSection
EndGlobal
